// !$*UTF8*$!
{
	archiveVersion = 1;
	classes = {
	};
	objectVersion = 46;
	objects = {

/* Begin PBXBuildFile section */
		7F210CC41CCD92A0003CC2CE /* CircleMenu.framework in Frameworks */ = {isa = PBXBuildFile; fileRef = 7F210CC31CCD92A0003CC2CE /* CircleMenu.framework */; };
		7F210CC61CCDBB02003CC2CE /* ExamDetailsViewController.swift in Sources */ = {isa = PBXBuildFile; fileRef = 7F210CC51CCDBB02003CC2CE /* ExamDetailsViewController.swift */; };
		7F210CCD1CCDCC19003CC2CE /* ExamViewController.swift in Sources */ = {isa = PBXBuildFile; fileRef = 7F210CCC1CCDCC19003CC2CE /* ExamViewController.swift */; };
		7F435F2F1CCC6F00007F3655 /* Alamofire.framework in Frameworks */ = {isa = PBXBuildFile; fileRef = 7F435F2E1CCC6F00007F3655 /* Alamofire.framework */; };
		7F435F311CCC71DF007F3655 /* ExamRouter.swift in Sources */ = {isa = PBXBuildFile; fileRef = 7F435F301CCC71DF007F3655 /* ExamRouter.swift */; };
		7F59674F1CC3281700F5D3EE /* PhonusAPIManager.swift in Sources */ = {isa = PBXBuildFile; fileRef = 7F59674E1CC3281700F5D3EE /* PhonusAPIManager.swift */; };
		7F5967531CC32EEF00F5D3EE /* SwiftyJSON.framework in Frameworks */ = {isa = PBXBuildFile; fileRef = 7F5967521CC32EEF00F5D3EE /* SwiftyJSON.framework */; };
		7F5E44351CDE8EF1000F0CF1 /* ENSideMenuNavigationController.swift in Sources */ = {isa = PBXBuildFile; fileRef = 7F5E44341CDE8EF1000F0CF1 /* ENSideMenuNavigationController.swift */; };
		7F5E44371CDE8F0E000F0CF1 /* ENSideMenu.swift in Sources */ = {isa = PBXBuildFile; fileRef = 7F5E44361CDE8F0E000F0CF1 /* ENSideMenu.swift */; };
		7F5E44391CDE9994000F0CF1 /* MainNavigationController.swift in Sources */ = {isa = PBXBuildFile; fileRef = 7F5E44381CDE9994000F0CF1 /* MainNavigationController.swift */; };
		7F5E443B1CDE99E0000F0CF1 /* MenuTableViewController.swift in Sources */ = {isa = PBXBuildFile; fileRef = 7F5E443A1CDE99E0000F0CF1 /* MenuTableViewController.swift */; };
		7F7FC7981CCFBB62005BBA5F /* Eureka.framework in Frameworks */ = {isa = PBXBuildFile; fileRef = 7F7FC7971CCFBB62005BBA5F /* Eureka.framework */; };
		7F7FC79A1CCFD638005BBA5F /* CustomCells.swift in Sources */ = {isa = PBXBuildFile; fileRef = 7F7FC7991CCFD638005BBA5F /* CustomCells.swift */; };
		7F7FC79C1CCFD7E0005BBA5F /* FloatLabelTextField.swift in Sources */ = {isa = PBXBuildFile; fileRef = 7F7FC79B1CCFD7E0005BBA5F /* FloatLabelTextField.swift */; };
		7F8C2C821CE960EA001BB09F /* NetworkUtils.swift in Sources */ = {isa = PBXBuildFile; fileRef = 7F8C2C811CE960EA001BB09F /* NetworkUtils.swift */; };
		7F8EBB791CECC8CC0083E152 /* ValidationUtils.swift in Sources */ = {isa = PBXBuildFile; fileRef = 7F8EBB781CECC8CC0083E152 /* ValidationUtils.swift */; };
		7F930BB81CE0213E00C000A8 /* KDCircularProgress.swift in Sources */ = {isa = PBXBuildFile; fileRef = 7F930BB71CE0213E00C000A8 /* KDCircularProgress.swift */; };
		7F9D71DD1CE6DA2700702928 /* Validator.swift in Sources */ = {isa = PBXBuildFile; fileRef = 7F9D71DC1CE6DA2700702928 /* Validator.swift */; };
		7F9EB5C11CC3256700DD8CC6 /* AppDelegate.swift in Sources */ = {isa = PBXBuildFile; fileRef = 7F9EB5C01CC3256700DD8CC6 /* AppDelegate.swift */; };
		7F9EB5C31CC3256700DD8CC6 /* ViewController.swift in Sources */ = {isa = PBXBuildFile; fileRef = 7F9EB5C21CC3256700DD8CC6 /* ViewController.swift */; };
		7F9EB5C61CC3256700DD8CC6 /* Main.storyboard in Resources */ = {isa = PBXBuildFile; fileRef = 7F9EB5C41CC3256700DD8CC6 /* Main.storyboard */; };
		7F9EB5C91CC3256700DD8CC6 /* Phonus.xcdatamodeld in Sources */ = {isa = PBXBuildFile; fileRef = 7F9EB5C71CC3256700DD8CC6 /* Phonus.xcdatamodeld */; };
		7F9EB5CB1CC3256700DD8CC6 /* Assets.xcassets in Resources */ = {isa = PBXBuildFile; fileRef = 7F9EB5CA1CC3256700DD8CC6 /* Assets.xcassets */; };
		7F9EB5CE1CC3256700DD8CC6 /* LaunchScreen.storyboard in Resources */ = {isa = PBXBuildFile; fileRef = 7F9EB5CC1CC3256700DD8CC6 /* LaunchScreen.storyboard */; };
		7F9EB5D91CC3256800DD8CC6 /* PhonusTests.swift in Sources */ = {isa = PBXBuildFile; fileRef = 7F9EB5D81CC3256800DD8CC6 /* PhonusTests.swift */; };
		7F9EB5E41CC3256800DD8CC6 /* PhonusUITests.swift in Sources */ = {isa = PBXBuildFile; fileRef = 7F9EB5E31CC3256800DD8CC6 /* PhonusUITests.swift */; };
		7FB2F5EE1CD5B4DA00B09585 /* AVTonePlayerUnit.swift in Sources */ = {isa = PBXBuildFile; fileRef = 7FB2F5ED1CD5B4DA00B09585 /* AVTonePlayerUnit.swift */; };
		7FB87EC81CCEF51F000C2C58 /* AudioTestViewController.swift in Sources */ = {isa = PBXBuildFile; fileRef = 7FB87EC71CCEF51F000C2C58 /* AudioTestViewController.swift */; };
		7FDFCBD61CCD16A700B5C297 /* ExamDetails.swift in Sources */ = {isa = PBXBuildFile; fileRef = 7FDFCBD51CCD16A700B5C297 /* ExamDetails.swift */; };
		7FE0CD1C1CD6D3A5001171BC /* JSONSerializable.swift in Sources */ = {isa = PBXBuildFile; fileRef = 7FE0CD1B1CD6D3A5001171BC /* JSONSerializable.swift */; };
		A88DCFD2238A53F7468B4E82 /* Pods_Phonus.framework in Frameworks */ = {isa = PBXBuildFile; fileRef = D23B653DBCF6811834279368 /* Pods_Phonus.framework */; };
/* End PBXBuildFile section */

/* Begin PBXContainerItemProxy section */
		7F9EB5D51CC3256700DD8CC6 /* PBXContainerItemProxy */ = {
			isa = PBXContainerItemProxy;
			containerPortal = 7F9EB5B51CC3256700DD8CC6 /* Project object */;
			proxyType = 1;
			remoteGlobalIDString = 7F9EB5BC1CC3256700DD8CC6;
			remoteInfo = Phonus;
		};
		7F9EB5E01CC3256800DD8CC6 /* PBXContainerItemProxy */ = {
			isa = PBXContainerItemProxy;
			containerPortal = 7F9EB5B51CC3256700DD8CC6 /* Project object */;
			proxyType = 1;
			remoteGlobalIDString = 7F9EB5BC1CC3256700DD8CC6;
			remoteInfo = Phonus;
		};
/* End PBXContainerItemProxy section */

/* Begin PBXFileReference section */
		33D1394D4FA2140BE08BA8D3 /* Pods-Phonus.release.xcconfig */ = {isa = PBXFileReference; includeInIndex = 1; lastKnownFileType = text.xcconfig; name = "Pods-Phonus.release.xcconfig"; path = "Pods/Target Support Files/Pods-Phonus/Pods-Phonus.release.xcconfig"; sourceTree = "<group>"; };
		7F210CC31CCD92A0003CC2CE /* CircleMenu.framework */ = {isa = PBXFileReference; lastKnownFileType = wrapper.framework; name = CircleMenu.framework; path = "../../../Library/Developer/Xcode/DerivedData/Phonus-fjfcbrkbomjagzduanqyapuwmzzo/Build/Products/Debug-iphonesimulator/CircleMenu.framework"; sourceTree = "<group>"; };
		7F210CC51CCDBB02003CC2CE /* ExamDetailsViewController.swift */ = {isa = PBXFileReference; fileEncoding = 4; lastKnownFileType = sourcecode.swift; path = ExamDetailsViewController.swift; sourceTree = "<group>"; };
		7F210CCC1CCDCC19003CC2CE /* ExamViewController.swift */ = {isa = PBXFileReference; fileEncoding = 4; lastKnownFileType = sourcecode.swift; path = ExamViewController.swift; sourceTree = "<group>"; };
		7F435F2E1CCC6F00007F3655 /* Alamofire.framework */ = {isa = PBXFileReference; lastKnownFileType = wrapper.framework; name = Alamofire.framework; path = "../../../Library/Developer/Xcode/DerivedData/Phonus-fjfcbrkbomjagzduanqyapuwmzzo/Build/Products/Debug-iphonesimulator/Alamofire.framework"; sourceTree = "<group>"; };
		7F435F301CCC71DF007F3655 /* ExamRouter.swift */ = {isa = PBXFileReference; fileEncoding = 4; lastKnownFileType = sourcecode.swift; path = ExamRouter.swift; sourceTree = "<group>"; };
		7F59674E1CC3281700F5D3EE /* PhonusAPIManager.swift */ = {isa = PBXFileReference; fileEncoding = 4; lastKnownFileType = sourcecode.swift; path = PhonusAPIManager.swift; sourceTree = "<group>"; };
		7F5967521CC32EEF00F5D3EE /* SwiftyJSON.framework */ = {isa = PBXFileReference; lastKnownFileType = wrapper.framework; name = SwiftyJSON.framework; path = "../../../Library/Developer/Xcode/DerivedData/Phonus-fjfcbrkbomjagzduanqyapuwmzzo/Build/Products/Debug-iphonesimulator/SwiftyJSON.framework"; sourceTree = "<group>"; };
		7F5E44341CDE8EF1000F0CF1 /* ENSideMenuNavigationController.swift */ = {isa = PBXFileReference; fileEncoding = 4; lastKnownFileType = sourcecode.swift; path = ENSideMenuNavigationController.swift; sourceTree = "<group>"; };
		7F5E44361CDE8F0E000F0CF1 /* ENSideMenu.swift */ = {isa = PBXFileReference; fileEncoding = 4; lastKnownFileType = sourcecode.swift; path = ENSideMenu.swift; sourceTree = "<group>"; };
		7F5E44381CDE9994000F0CF1 /* MainNavigationController.swift */ = {isa = PBXFileReference; fileEncoding = 4; lastKnownFileType = sourcecode.swift; path = MainNavigationController.swift; sourceTree = "<group>"; };
		7F5E443A1CDE99E0000F0CF1 /* MenuTableViewController.swift */ = {isa = PBXFileReference; fileEncoding = 4; lastKnownFileType = sourcecode.swift; path = MenuTableViewController.swift; sourceTree = "<group>"; };
		7F7FC7971CCFBB62005BBA5F /* Eureka.framework */ = {isa = PBXFileReference; lastKnownFileType = wrapper.framework; name = Eureka.framework; path = "Pods/../build/Debug-iphoneos/Eureka.framework"; sourceTree = "<group>"; };
		7F7FC7991CCFD638005BBA5F /* CustomCells.swift */ = {isa = PBXFileReference; fileEncoding = 4; lastKnownFileType = sourcecode.swift; name = CustomCells.swift; path = ../Stores/CustomCells.swift; sourceTree = "<group>"; };
		7F7FC79B1CCFD7E0005BBA5F /* FloatLabelTextField.swift */ = {isa = PBXFileReference; fileEncoding = 4; lastKnownFileType = sourcecode.swift; path = FloatLabelTextField.swift; sourceTree = "<group>"; };
		7F8C2C811CE960EA001BB09F /* NetworkUtils.swift */ = {isa = PBXFileReference; fileEncoding = 4; lastKnownFileType = sourcecode.swift; path = NetworkUtils.swift; sourceTree = "<group>"; };
		7F8C2C831CE9653E001BB09F /* Phonus-Bridging-Header.h */ = {isa = PBXFileReference; lastKnownFileType = sourcecode.c.h; path = "Phonus-Bridging-Header.h"; sourceTree = "<group>"; };
		7F8EBB781CECC8CC0083E152 /* ValidationUtils.swift */ = {isa = PBXFileReference; fileEncoding = 4; lastKnownFileType = sourcecode.swift; path = ValidationUtils.swift; sourceTree = "<group>"; };
		7F930BB71CE0213E00C000A8 /* KDCircularProgress.swift */ = {isa = PBXFileReference; fileEncoding = 4; lastKnownFileType = sourcecode.swift; path = KDCircularProgress.swift; sourceTree = "<group>"; };
		7F9D71DC1CE6DA2700702928 /* Validator.swift */ = {isa = PBXFileReference; fileEncoding = 4; lastKnownFileType = sourcecode.swift; path = Validator.swift; sourceTree = "<group>"; };
		7F9EB5BD1CC3256700DD8CC6 /* Phonus.app */ = {isa = PBXFileReference; explicitFileType = wrapper.application; includeInIndex = 0; path = Phonus.app; sourceTree = BUILT_PRODUCTS_DIR; };
		7F9EB5C01CC3256700DD8CC6 /* AppDelegate.swift */ = {isa = PBXFileReference; lastKnownFileType = sourcecode.swift; path = AppDelegate.swift; sourceTree = "<group>"; };
		7F9EB5C21CC3256700DD8CC6 /* ViewController.swift */ = {isa = PBXFileReference; lastKnownFileType = sourcecode.swift; path = ViewController.swift; sourceTree = "<group>"; };
		7F9EB5C51CC3256700DD8CC6 /* Base */ = {isa = PBXFileReference; lastKnownFileType = file.storyboard; name = Base; path = Base.lproj/Main.storyboard; sourceTree = "<group>"; };
		7F9EB5C81CC3256700DD8CC6 /* Phonus.xcdatamodel */ = {isa = PBXFileReference; lastKnownFileType = wrapper.xcdatamodel; path = Phonus.xcdatamodel; sourceTree = "<group>"; };
		7F9EB5CA1CC3256700DD8CC6 /* Assets.xcassets */ = {isa = PBXFileReference; lastKnownFileType = folder.assetcatalog; path = Assets.xcassets; sourceTree = "<group>"; };
		7F9EB5CD1CC3256700DD8CC6 /* Base */ = {isa = PBXFileReference; lastKnownFileType = file.storyboard; name = Base; path = Base.lproj/LaunchScreen.storyboard; sourceTree = "<group>"; };
		7F9EB5CF1CC3256700DD8CC6 /* Info.plist */ = {isa = PBXFileReference; lastKnownFileType = text.plist.xml; path = Info.plist; sourceTree = "<group>"; };
		7F9EB5D41CC3256700DD8CC6 /* PhonusTests.xctest */ = {isa = PBXFileReference; explicitFileType = wrapper.cfbundle; includeInIndex = 0; path = PhonusTests.xctest; sourceTree = BUILT_PRODUCTS_DIR; };
		7F9EB5D81CC3256800DD8CC6 /* PhonusTests.swift */ = {isa = PBXFileReference; lastKnownFileType = sourcecode.swift; path = PhonusTests.swift; sourceTree = "<group>"; };
		7F9EB5DA1CC3256800DD8CC6 /* Info.plist */ = {isa = PBXFileReference; lastKnownFileType = text.plist.xml; path = Info.plist; sourceTree = "<group>"; };
		7F9EB5DF1CC3256800DD8CC6 /* PhonusUITests.xctest */ = {isa = PBXFileReference; explicitFileType = wrapper.cfbundle; includeInIndex = 0; path = PhonusUITests.xctest; sourceTree = BUILT_PRODUCTS_DIR; };
		7F9EB5E31CC3256800DD8CC6 /* PhonusUITests.swift */ = {isa = PBXFileReference; lastKnownFileType = sourcecode.swift; path = PhonusUITests.swift; sourceTree = "<group>"; };
		7F9EB5E51CC3256800DD8CC6 /* Info.plist */ = {isa = PBXFileReference; lastKnownFileType = text.plist.xml; path = Info.plist; sourceTree = "<group>"; };
		7FB2F5DF1CD5479900B09585 /* AudioToolbox.framework */ = {isa = PBXFileReference; lastKnownFileType = wrapper.framework; name = AudioToolbox.framework; path = System/Library/Frameworks/AudioToolbox.framework; sourceTree = SDKROOT; };
		7FB2F5ED1CD5B4DA00B09585 /* AVTonePlayerUnit.swift */ = {isa = PBXFileReference; fileEncoding = 4; lastKnownFileType = sourcecode.swift; path = AVTonePlayerUnit.swift; sourceTree = "<group>"; };
		7FB87EC71CCEF51F000C2C58 /* AudioTestViewController.swift */ = {isa = PBXFileReference; fileEncoding = 4; lastKnownFileType = sourcecode.swift; path = AudioTestViewController.swift; sourceTree = "<group>"; };
		7FDFCBD51CCD16A700B5C297 /* ExamDetails.swift */ = {isa = PBXFileReference; fileEncoding = 4; lastKnownFileType = sourcecode.swift; path = ExamDetails.swift; sourceTree = "<group>"; };
		7FE0CD1B1CD6D3A5001171BC /* JSONSerializable.swift */ = {isa = PBXFileReference; fileEncoding = 4; lastKnownFileType = sourcecode.swift; path = JSONSerializable.swift; sourceTree = "<group>"; };
		D22623D58F084BD818B7756B /* Pods-Phonus.debug.xcconfig */ = {isa = PBXFileReference; includeInIndex = 1; lastKnownFileType = text.xcconfig; name = "Pods-Phonus.debug.xcconfig"; path = "Pods/Target Support Files/Pods-Phonus/Pods-Phonus.debug.xcconfig"; sourceTree = "<group>"; };
		D23B653DBCF6811834279368 /* Pods_Phonus.framework */ = {isa = PBXFileReference; explicitFileType = wrapper.framework; includeInIndex = 0; path = Pods_Phonus.framework; sourceTree = BUILT_PRODUCTS_DIR; };
/* End PBXFileReference section */

/* Begin PBXFrameworksBuildPhase section */
		7F9EB5BA1CC3256700DD8CC6 /* Frameworks */ = {
			isa = PBXFrameworksBuildPhase;
			buildActionMask = 2147483647;
			files = (
				7F7FC7981CCFBB62005BBA5F /* Eureka.framework in Frameworks */,
				7F210CC41CCD92A0003CC2CE /* CircleMenu.framework in Frameworks */,
				7F435F2F1CCC6F00007F3655 /* Alamofire.framework in Frameworks */,
				7F5967531CC32EEF00F5D3EE /* SwiftyJSON.framework in Frameworks */,
				A88DCFD2238A53F7468B4E82 /* Pods_Phonus.framework in Frameworks */,
			);
			runOnlyForDeploymentPostprocessing = 0;
		};
		7F9EB5D11CC3256700DD8CC6 /* Frameworks */ = {
			isa = PBXFrameworksBuildPhase;
			buildActionMask = 2147483647;
			files = (
			);
			runOnlyForDeploymentPostprocessing = 0;
		};
		7F9EB5DC1CC3256800DD8CC6 /* Frameworks */ = {
			isa = PBXFrameworksBuildPhase;
			buildActionMask = 2147483647;
			files = (
			);
			runOnlyForDeploymentPostprocessing = 0;
		};
/* End PBXFrameworksBuildPhase section */

/* Begin PBXGroup section */
		7F210CC71CCDBC64003CC2CE /* Models */ = {
			isa = PBXGroup;
			children = (
				7FDFCBD51CCD16A700B5C297 /* ExamDetails.swift */,
			);
			path = Models;
			sourceTree = "<group>";
		};
		7F210CC81CCDBC6A003CC2CE /* Views */ = {
			isa = PBXGroup;
			children = (
			);
			path = Views;
			sourceTree = "<group>";
		};
		7F210CC91CCDBC73003CC2CE /* Controllers */ = {
			isa = PBXGroup;
			children = (
				7F9EB5C21CC3256700DD8CC6 /* ViewController.swift */,
				7F210CC51CCDBB02003CC2CE /* ExamDetailsViewController.swift */,
				7F210CCC1CCDCC19003CC2CE /* ExamViewController.swift */,
				7FB87EC71CCEF51F000C2C58 /* AudioTestViewController.swift */,
				7F5E44341CDE8EF1000F0CF1 /* ENSideMenuNavigationController.swift */,
				7F5E44361CDE8F0E000F0CF1 /* ENSideMenu.swift */,
				7F5E44381CDE9994000F0CF1 /* MainNavigationController.swift */,
				7F5E443A1CDE99E0000F0CF1 /* MenuTableViewController.swift */,
			);
			path = Controllers;
			sourceTree = "<group>";
		};
		7F210CCA1CCDBC7E003CC2CE /* Stores */ = {
			isa = PBXGroup;
			children = (
			);
			path = Stores;
			sourceTree = "<group>";
		};
		7F210CCB1CCDBC83003CC2CE /* Helpers */ = {
			isa = PBXGroup;
			children = (
				7F8C2C801CE960D2001BB09F /* network */,
				7F9D71DB1CE6DA0100702928 /* validation */,
				7FF40E6F1CD6FEE400D4184E /* ui */,
				7FF40E6E1CD6FED800D4184E /* audio */,
				7FF40E6D1CD6FEBB00D4184E /* api */,
				7FF40E6C1CD6FEB300D4184E /* json */,
			);
			path = Helpers;
			sourceTree = "<group>";
		};
		7F8C2C801CE960D2001BB09F /* network */ = {
			isa = PBXGroup;
			children = (
				7F8C2C811CE960EA001BB09F /* NetworkUtils.swift */,
			);
			name = network;
			sourceTree = "<group>";
		};
		7F9D71DB1CE6DA0100702928 /* validation */ = {
			isa = PBXGroup;
			children = (
				7F9D71DC1CE6DA2700702928 /* Validator.swift */,
				7F8EBB781CECC8CC0083E152 /* ValidationUtils.swift */,
			);
			name = validation;
			sourceTree = "<group>";
		};
		7F9EB5B41CC3256700DD8CC6 = {
			isa = PBXGroup;
			children = (
				7F9EB5BF1CC3256700DD8CC6 /* Phonus */,
				7F9EB5D71CC3256800DD8CC6 /* PhonusTests */,
				7F9EB5E21CC3256800DD8CC6 /* PhonusUITests */,
				7F9EB5BE1CC3256700DD8CC6 /* Products */,
				FD660C5646FC5BA255657BF4 /* Pods */,
				A415A55AD202D517000F077F /* Frameworks */,
			);
			sourceTree = "<group>";
		};
		7F9EB5BE1CC3256700DD8CC6 /* Products */ = {
			isa = PBXGroup;
			children = (
				7F9EB5BD1CC3256700DD8CC6 /* Phonus.app */,
				7F9EB5D41CC3256700DD8CC6 /* PhonusTests.xctest */,
				7F9EB5DF1CC3256800DD8CC6 /* PhonusUITests.xctest */,
			);
			name = Products;
			sourceTree = "<group>";
		};
		7F9EB5BF1CC3256700DD8CC6 /* Phonus */ = {
			isa = PBXGroup;
			children = (
				7F210CCB1CCDBC83003CC2CE /* Helpers */,
				7F210CCA1CCDBC7E003CC2CE /* Stores */,
				7F210CC91CCDBC73003CC2CE /* Controllers */,
				7F210CC81CCDBC6A003CC2CE /* Views */,
				7F210CC71CCDBC64003CC2CE /* Models */,
				7F9EB5C01CC3256700DD8CC6 /* AppDelegate.swift */,
				7F9EB5C41CC3256700DD8CC6 /* Main.storyboard */,
				7F9EB5CA1CC3256700DD8CC6 /* Assets.xcassets */,
				7F9EB5CC1CC3256700DD8CC6 /* LaunchScreen.storyboard */,
				7F9EB5CF1CC3256700DD8CC6 /* Info.plist */,
				7F9EB5C71CC3256700DD8CC6 /* Phonus.xcdatamodeld */,
				7F8C2C831CE9653E001BB09F /* Phonus-Bridging-Header.h */,
			);
			path = Phonus;
			sourceTree = "<group>";
		};
		7F9EB5D71CC3256800DD8CC6 /* PhonusTests */ = {
			isa = PBXGroup;
			children = (
				7F9EB5D81CC3256800DD8CC6 /* PhonusTests.swift */,
				7F9EB5DA1CC3256800DD8CC6 /* Info.plist */,
			);
			path = PhonusTests;
			sourceTree = "<group>";
		};
		7F9EB5E21CC3256800DD8CC6 /* PhonusUITests */ = {
			isa = PBXGroup;
			children = (
				7F9EB5E31CC3256800DD8CC6 /* PhonusUITests.swift */,
				7F9EB5E51CC3256800DD8CC6 /* Info.plist */,
			);
			path = PhonusUITests;
			sourceTree = "<group>";
		};
		7FF40E6C1CD6FEB300D4184E /* json */ = {
			isa = PBXGroup;
			children = (
				7FE0CD1B1CD6D3A5001171BC /* JSONSerializable.swift */,
			);
			name = json;
			sourceTree = "<group>";
		};
		7FF40E6D1CD6FEBB00D4184E /* api */ = {
			isa = PBXGroup;
			children = (
				7F435F301CCC71DF007F3655 /* ExamRouter.swift */,
				7F59674E1CC3281700F5D3EE /* PhonusAPIManager.swift */,
			);
			name = api;
			sourceTree = "<group>";
		};
		7FF40E6E1CD6FED800D4184E /* audio */ = {
			isa = PBXGroup;
			children = (
				7FB2F5ED1CD5B4DA00B09585 /* AVTonePlayerUnit.swift */,
			);
			name = audio;
			sourceTree = "<group>";
		};
		7FF40E6F1CD6FEE400D4184E /* ui */ = {
			isa = PBXGroup;
			children = (
				7F7FC79B1CCFD7E0005BBA5F /* FloatLabelTextField.swift */,
				7F7FC7991CCFD638005BBA5F /* CustomCells.swift */,
				7F930BB71CE0213E00C000A8 /* KDCircularProgress.swift */,
			);
			name = ui;
			sourceTree = "<group>";
		};
		A415A55AD202D517000F077F /* Frameworks */ = {
			isa = PBXGroup;
			children = (
				7FB2F5DF1CD5479900B09585 /* AudioToolbox.framework */,
				7F7FC7971CCFBB62005BBA5F /* Eureka.framework */,
				7F210CC31CCD92A0003CC2CE /* CircleMenu.framework */,
				7F435F2E1CCC6F00007F3655 /* Alamofire.framework */,
				7F5967521CC32EEF00F5D3EE /* SwiftyJSON.framework */,
				D23B653DBCF6811834279368 /* Pods_Phonus.framework */,
			);
			name = Frameworks;
			sourceTree = "<group>";
		};
		FD660C5646FC5BA255657BF4 /* Pods */ = {
			isa = PBXGroup;
			children = (
				D22623D58F084BD818B7756B /* Pods-Phonus.debug.xcconfig */,
				33D1394D4FA2140BE08BA8D3 /* Pods-Phonus.release.xcconfig */,
			);
			name = Pods;
			sourceTree = "<group>";
		};
/* End PBXGroup section */

/* Begin PBXNativeTarget section */
		7F9EB5BC1CC3256700DD8CC6 /* Phonus */ = {
			isa = PBXNativeTarget;
			buildConfigurationList = 7F9EB5E81CC3256800DD8CC6 /* Build configuration list for PBXNativeTarget "Phonus" */;
			buildPhases = (
				D1B2C87AE860412CD9C37256 /* Check Pods Manifest.lock */,
				7F9EB5B91CC3256700DD8CC6 /* Sources */,
				7F9EB5BA1CC3256700DD8CC6 /* Frameworks */,
				7F9EB5BB1CC3256700DD8CC6 /* Resources */,
				09CC18E524B77E09A42C29F9 /* Embed Pods Frameworks */,
				53D03C837336DF8FD850AA77 /* Copy Pods Resources */,
			);
			buildRules = (
			);
			dependencies = (
			);
			name = Phonus;
			productName = Phonus;
			productReference = 7F9EB5BD1CC3256700DD8CC6 /* Phonus.app */;
			productType = "com.apple.product-type.application";
		};
		7F9EB5D31CC3256700DD8CC6 /* PhonusTests */ = {
			isa = PBXNativeTarget;
			buildConfigurationList = 7F9EB5EB1CC3256800DD8CC6 /* Build configuration list for PBXNativeTarget "PhonusTests" */;
			buildPhases = (
				7F9EB5D01CC3256700DD8CC6 /* Sources */,
				7F9EB5D11CC3256700DD8CC6 /* Frameworks */,
				7F9EB5D21CC3256700DD8CC6 /* Resources */,
			);
			buildRules = (
			);
			dependencies = (
				7F9EB5D61CC3256700DD8CC6 /* PBXTargetDependency */,
			);
			name = PhonusTests;
			productName = PhonusTests;
			productReference = 7F9EB5D41CC3256700DD8CC6 /* PhonusTests.xctest */;
			productType = "com.apple.product-type.bundle.unit-test";
		};
		7F9EB5DE1CC3256800DD8CC6 /* PhonusUITests */ = {
			isa = PBXNativeTarget;
			buildConfigurationList = 7F9EB5EE1CC3256800DD8CC6 /* Build configuration list for PBXNativeTarget "PhonusUITests" */;
			buildPhases = (
				7F9EB5DB1CC3256800DD8CC6 /* Sources */,
				7F9EB5DC1CC3256800DD8CC6 /* Frameworks */,
				7F9EB5DD1CC3256800DD8CC6 /* Resources */,
			);
			buildRules = (
			);
			dependencies = (
				7F9EB5E11CC3256800DD8CC6 /* PBXTargetDependency */,
			);
			name = PhonusUITests;
			productName = PhonusUITests;
			productReference = 7F9EB5DF1CC3256800DD8CC6 /* PhonusUITests.xctest */;
			productType = "com.apple.product-type.bundle.ui-testing";
		};
/* End PBXNativeTarget section */

/* Begin PBXProject section */
		7F9EB5B51CC3256700DD8CC6 /* Project object */ = {
			isa = PBXProject;
			attributes = {
				LastSwiftUpdateCheck = 0730;
				LastUpgradeCheck = 0730;
				ORGANIZATIONNAME = "Ricardo Euán Romo";
				TargetAttributes = {
					7F9EB5BC1CC3256700DD8CC6 = {
						CreatedOnToolsVersion = 7.3;
						DevelopmentTeam = S5KBBL55XF;
					};
					7F9EB5D31CC3256700DD8CC6 = {
						CreatedOnToolsVersion = 7.3;
						DevelopmentTeam = S5KBBL55XF;
						TestTargetID = 7F9EB5BC1CC3256700DD8CC6;
					};
					7F9EB5DE1CC3256800DD8CC6 = {
						CreatedOnToolsVersion = 7.3;
						DevelopmentTeam = S5KBBL55XF;
						TestTargetID = 7F9EB5BC1CC3256700DD8CC6;
					};
				};
			};
			buildConfigurationList = 7F9EB5B81CC3256700DD8CC6 /* Build configuration list for PBXProject "Phonus" */;
			compatibilityVersion = "Xcode 3.2";
			developmentRegion = English;
			hasScannedForEncodings = 0;
			knownRegions = (
				en,
				Base,
			);
			mainGroup = 7F9EB5B41CC3256700DD8CC6;
			productRefGroup = 7F9EB5BE1CC3256700DD8CC6 /* Products */;
			projectDirPath = "";
			projectRoot = "";
			targets = (
				7F9EB5BC1CC3256700DD8CC6 /* Phonus */,
				7F9EB5D31CC3256700DD8CC6 /* PhonusTests */,
				7F9EB5DE1CC3256800DD8CC6 /* PhonusUITests */,
			);
		};
/* End PBXProject section */

/* Begin PBXResourcesBuildPhase section */
		7F9EB5BB1CC3256700DD8CC6 /* Resources */ = {
			isa = PBXResourcesBuildPhase;
			buildActionMask = 2147483647;
			files = (
				7F9EB5CE1CC3256700DD8CC6 /* LaunchScreen.storyboard in Resources */,
				7F9EB5CB1CC3256700DD8CC6 /* Assets.xcassets in Resources */,
				7F9EB5C61CC3256700DD8CC6 /* Main.storyboard in Resources */,
			);
			runOnlyForDeploymentPostprocessing = 0;
		};
		7F9EB5D21CC3256700DD8CC6 /* Resources */ = {
			isa = PBXResourcesBuildPhase;
			buildActionMask = 2147483647;
			files = (
			);
			runOnlyForDeploymentPostprocessing = 0;
		};
		7F9EB5DD1CC3256800DD8CC6 /* Resources */ = {
			isa = PBXResourcesBuildPhase;
			buildActionMask = 2147483647;
			files = (
			);
			runOnlyForDeploymentPostprocessing = 0;
		};
/* End PBXResourcesBuildPhase section */

/* Begin PBXShellScriptBuildPhase section */
		09CC18E524B77E09A42C29F9 /* Embed Pods Frameworks */ = {
			isa = PBXShellScriptBuildPhase;
			buildActionMask = 2147483647;
			files = (
			);
			inputPaths = (
			);
			name = "Embed Pods Frameworks";
			outputPaths = (
			);
			runOnlyForDeploymentPostprocessing = 0;
			shellPath = /bin/sh;
			shellScript = "\"${SRCROOT}/Pods/Target Support Files/Pods-Phonus/Pods-Phonus-frameworks.sh\"\n";
			showEnvVarsInLog = 0;
		};
		53D03C837336DF8FD850AA77 /* Copy Pods Resources */ = {
			isa = PBXShellScriptBuildPhase;
			buildActionMask = 2147483647;
			files = (
			);
			inputPaths = (
			);
			name = "Copy Pods Resources";
			outputPaths = (
			);
			runOnlyForDeploymentPostprocessing = 0;
			shellPath = /bin/sh;
			shellScript = "\"${SRCROOT}/Pods/Target Support Files/Pods-Phonus/Pods-Phonus-resources.sh\"\n";
			showEnvVarsInLog = 0;
		};
		D1B2C87AE860412CD9C37256 /* Check Pods Manifest.lock */ = {
			isa = PBXShellScriptBuildPhase;
			buildActionMask = 2147483647;
			files = (
			);
			inputPaths = (
			);
			name = "Check Pods Manifest.lock";
			outputPaths = (
			);
			runOnlyForDeploymentPostprocessing = 0;
			shellPath = /bin/sh;
			shellScript = "diff \"${PODS_ROOT}/../Podfile.lock\" \"${PODS_ROOT}/Manifest.lock\" > /dev/null\nif [[ $? != 0 ]] ; then\n    cat << EOM\nerror: The sandbox is not in sync with the Podfile.lock. Run 'pod install' or update your CocoaPods installation.\nEOM\n    exit 1\nfi\n";
			showEnvVarsInLog = 0;
		};
/* End PBXShellScriptBuildPhase section */

/* Begin PBXSourcesBuildPhase section */
		7F9EB5B91CC3256700DD8CC6 /* Sources */ = {
			isa = PBXSourcesBuildPhase;
			buildActionMask = 2147483647;
			files = (
				7F930BB81CE0213E00C000A8 /* KDCircularProgress.swift in Sources */,
				7F8EBB791CECC8CC0083E152 /* ValidationUtils.swift in Sources */,
				7FDFCBD61CCD16A700B5C297 /* ExamDetails.swift in Sources */,
				7FB87EC81CCEF51F000C2C58 /* AudioTestViewController.swift in Sources */,
				7F5E44391CDE9994000F0CF1 /* MainNavigationController.swift in Sources */,
				7FE0CD1C1CD6D3A5001171BC /* JSONSerializable.swift in Sources */,
				7F7FC79A1CCFD638005BBA5F /* CustomCells.swift in Sources */,
				7FB2F5EE1CD5B4DA00B09585 /* AVTonePlayerUnit.swift in Sources */,
				7F9EB5C31CC3256700DD8CC6 /* ViewController.swift in Sources */,
				7F9EB5C91CC3256700DD8CC6 /* Phonus.xcdatamodeld in Sources */,
				7F210CC61CCDBB02003CC2CE /* ExamDetailsViewController.swift in Sources */,
				7F59674F1CC3281700F5D3EE /* PhonusAPIManager.swift in Sources */,
				7F210CCD1CCDCC19003CC2CE /* ExamViewController.swift in Sources */,
				7F8C2C821CE960EA001BB09F /* NetworkUtils.swift in Sources */,
				7F9D71DD1CE6DA2700702928 /* Validator.swift in Sources */,
				7F5E443B1CDE99E0000F0CF1 /* MenuTableViewController.swift in Sources */,
				7F5E44351CDE8EF1000F0CF1 /* ENSideMenuNavigationController.swift in Sources */,
				7F9EB5C11CC3256700DD8CC6 /* AppDelegate.swift in Sources */,
				7F5E44371CDE8F0E000F0CF1 /* ENSideMenu.swift in Sources */,
				7F7FC79C1CCFD7E0005BBA5F /* FloatLabelTextField.swift in Sources */,
				7F435F311CCC71DF007F3655 /* ExamRouter.swift in Sources */,
			);
			runOnlyForDeploymentPostprocessing = 0;
		};
		7F9EB5D01CC3256700DD8CC6 /* Sources */ = {
			isa = PBXSourcesBuildPhase;
			buildActionMask = 2147483647;
			files = (
				7F9EB5D91CC3256800DD8CC6 /* PhonusTests.swift in Sources */,
			);
			runOnlyForDeploymentPostprocessing = 0;
		};
		7F9EB5DB1CC3256800DD8CC6 /* Sources */ = {
			isa = PBXSourcesBuildPhase;
			buildActionMask = 2147483647;
			files = (
				7F9EB5E41CC3256800DD8CC6 /* PhonusUITests.swift in Sources */,
			);
			runOnlyForDeploymentPostprocessing = 0;
		};
/* End PBXSourcesBuildPhase section */

/* Begin PBXTargetDependency section */
		7F9EB5D61CC3256700DD8CC6 /* PBXTargetDependency */ = {
			isa = PBXTargetDependency;
			target = 7F9EB5BC1CC3256700DD8CC6 /* Phonus */;
			targetProxy = 7F9EB5D51CC3256700DD8CC6 /* PBXContainerItemProxy */;
		};
		7F9EB5E11CC3256800DD8CC6 /* PBXTargetDependency */ = {
			isa = PBXTargetDependency;
			target = 7F9EB5BC1CC3256700DD8CC6 /* Phonus */;
			targetProxy = 7F9EB5E01CC3256800DD8CC6 /* PBXContainerItemProxy */;
		};
/* End PBXTargetDependency section */

/* Begin PBXVariantGroup section */
		7F9EB5C41CC3256700DD8CC6 /* Main.storyboard */ = {
			isa = PBXVariantGroup;
			children = (
				7F9EB5C51CC3256700DD8CC6 /* Base */,
			);
			name = Main.storyboard;
			sourceTree = "<group>";
		};
		7F9EB5CC1CC3256700DD8CC6 /* LaunchScreen.storyboard */ = {
			isa = PBXVariantGroup;
			children = (
				7F9EB5CD1CC3256700DD8CC6 /* Base */,
			);
			name = LaunchScreen.storyboard;
			sourceTree = "<group>";
		};
/* End PBXVariantGroup section */

/* Begin XCBuildConfiguration section */
		7F9EB5E61CC3256800DD8CC6 /* Debug */ = {
			isa = XCBuildConfiguration;
			buildSettings = {
				ALWAYS_SEARCH_USER_PATHS = NO;
				CLANG_ANALYZER_NONNULL = YES;
				CLANG_CXX_LANGUAGE_STANDARD = "gnu++0x";
				CLANG_CXX_LIBRARY = "libc++";
				CLANG_ENABLE_MODULES = YES;
				CLANG_ENABLE_OBJC_ARC = YES;
				CLANG_WARN_BOOL_CONVERSION = YES;
				CLANG_WARN_CONSTANT_CONVERSION = YES;
				CLANG_WARN_DIRECT_OBJC_ISA_USAGE = YES_ERROR;
				CLANG_WARN_EMPTY_BODY = YES;
				CLANG_WARN_ENUM_CONVERSION = YES;
				CLANG_WARN_INT_CONVERSION = YES;
				CLANG_WARN_OBJC_ROOT_CLASS = YES_ERROR;
				CLANG_WARN_UNREACHABLE_CODE = YES;
				CLANG_WARN__DUPLICATE_METHOD_MATCH = YES;
				"CODE_SIGN_IDENTITY[sdk=iphoneos*]" = "iPhone Developer";
				COPY_PHASE_STRIP = NO;
				DEBUG_INFORMATION_FORMAT = dwarf;
				ENABLE_STRICT_OBJC_MSGSEND = YES;
				ENABLE_TESTABILITY = YES;
				GCC_C_LANGUAGE_STANDARD = gnu99;
				GCC_DYNAMIC_NO_PIC = NO;
				GCC_NO_COMMON_BLOCKS = YES;
				GCC_OPTIMIZATION_LEVEL = 0;
				GCC_PREPROCESSOR_DEFINITIONS = (
					"DEBUG=1",
					"$(inherited)",
				);
				GCC_WARN_64_TO_32_BIT_CONVERSION = YES;
				GCC_WARN_ABOUT_RETURN_TYPE = YES_ERROR;
				GCC_WARN_UNDECLARED_SELECTOR = YES;
				GCC_WARN_UNINITIALIZED_AUTOS = YES_AGGRESSIVE;
				GCC_WARN_UNUSED_FUNCTION = YES;
				GCC_WARN_UNUSED_VARIABLE = YES;
				IPHONEOS_DEPLOYMENT_TARGET = 9.3;
				MTL_ENABLE_DEBUG_INFO = YES;
				ONLY_ACTIVE_ARCH = YES;
				SDKROOT = iphoneos;
				SWIFT_OPTIMIZATION_LEVEL = "-Onone";
				TARGETED_DEVICE_FAMILY = "1,2";
			};
			name = Debug;
		};
		7F9EB5E71CC3256800DD8CC6 /* Release */ = {
			isa = XCBuildConfiguration;
			buildSettings = {
				ALWAYS_SEARCH_USER_PATHS = NO;
				CLANG_ANALYZER_NONNULL = YES;
				CLANG_CXX_LANGUAGE_STANDARD = "gnu++0x";
				CLANG_CXX_LIBRARY = "libc++";
				CLANG_ENABLE_MODULES = YES;
				CLANG_ENABLE_OBJC_ARC = YES;
				CLANG_WARN_BOOL_CONVERSION = YES;
				CLANG_WARN_CONSTANT_CONVERSION = YES;
				CLANG_WARN_DIRECT_OBJC_ISA_USAGE = YES_ERROR;
				CLANG_WARN_EMPTY_BODY = YES;
				CLANG_WARN_ENUM_CONVERSION = YES;
				CLANG_WARN_INT_CONVERSION = YES;
				CLANG_WARN_OBJC_ROOT_CLASS = YES_ERROR;
				CLANG_WARN_UNREACHABLE_CODE = YES;
				CLANG_WARN__DUPLICATE_METHOD_MATCH = YES;
				"CODE_SIGN_IDENTITY[sdk=iphoneos*]" = "iPhone Developer";
				COPY_PHASE_STRIP = NO;
				DEBUG_INFORMATION_FORMAT = "dwarf-with-dsym";
				ENABLE_NS_ASSERTIONS = NO;
				ENABLE_STRICT_OBJC_MSGSEND = YES;
				GCC_C_LANGUAGE_STANDARD = gnu99;
				GCC_NO_COMMON_BLOCKS = YES;
				GCC_WARN_64_TO_32_BIT_CONVERSION = YES;
				GCC_WARN_ABOUT_RETURN_TYPE = YES_ERROR;
				GCC_WARN_UNDECLARED_SELECTOR = YES;
				GCC_WARN_UNINITIALIZED_AUTOS = YES_AGGRESSIVE;
				GCC_WARN_UNUSED_FUNCTION = YES;
				GCC_WARN_UNUSED_VARIABLE = YES;
				IPHONEOS_DEPLOYMENT_TARGET = 9.3;
				MTL_ENABLE_DEBUG_INFO = NO;
				SDKROOT = iphoneos;
				TARGETED_DEVICE_FAMILY = "1,2";
				VALIDATE_PRODUCT = YES;
			};
			name = Release;
		};
		7F9EB5E91CC3256800DD8CC6 /* Debug */ = {
			isa = XCBuildConfiguration;
			baseConfigurationReference = D22623D58F084BD818B7756B /* Pods-Phonus.debug.xcconfig */;
			buildSettings = {
				ASSETCATALOG_COMPILER_APPICON_NAME = AppIcon;
				CLANG_ENABLE_MODULES = YES;
				FRAMEWORK_SEARCH_PATHS = (
					"$(inherited)",
					"$(PROJECT_DIR)/build/Debug-iphoneos",
				);
				INFOPLIST_FILE = Phonus/Info.plist;
				IPHONEOS_DEPLOYMENT_TARGET = 9.3;
				LD_RUNPATH_SEARCH_PATHS = "$(inherited) @executable_path/Frameworks";
				PRODUCT_BUNDLE_IDENTIFIER = com.itesm.Phonus;
				PRODUCT_NAME = "$(TARGET_NAME)";
				SWIFT_OBJC_BRIDGING_HEADER = "Phonus/Phonus-Bridging-Header.h";
				SWIFT_OPTIMIZATION_LEVEL = "-Onone";
				TARGETED_DEVICE_FAMILY = "1,2";
			};
			name = Debug;
		};
		7F9EB5EA1CC3256800DD8CC6 /* Release */ = {
			isa = XCBuildConfiguration;
			baseConfigurationReference = 33D1394D4FA2140BE08BA8D3 /* Pods-Phonus.release.xcconfig */;
			buildSettings = {
				ASSETCATALOG_COMPILER_APPICON_NAME = AppIcon;
				CLANG_ENABLE_MODULES = YES;
				FRAMEWORK_SEARCH_PATHS = (
					"$(inherited)",
					"$(PROJECT_DIR)/build/Debug-iphoneos",
				);
				INFOPLIST_FILE = Phonus/Info.plist;
				IPHONEOS_DEPLOYMENT_TARGET = 9.3;
				LD_RUNPATH_SEARCH_PATHS = "$(inherited) @executable_path/Frameworks";
				PRODUCT_BUNDLE_IDENTIFIER = com.itesm.Phonus;
				PRODUCT_NAME = "$(TARGET_NAME)";
				SWIFT_OBJC_BRIDGING_HEADER = "Phonus/Phonus-Bridging-Header.h";
				TARGETED_DEVICE_FAMILY = "1,2";
			};
			name = Release;
		};
		7F9EB5EC1CC3256800DD8CC6 /* Debug */ = {
			isa = XCBuildConfiguration;
			buildSettings = {
				BUNDLE_LOADER = "$(TEST_HOST)";
				INFOPLIST_FILE = PhonusTests/Info.plist;
				LD_RUNPATH_SEARCH_PATHS = "$(inherited) @executable_path/Frameworks @loader_path/Frameworks";
				PRODUCT_BUNDLE_IDENTIFIER = com.itesm.PhonusTests;
				PRODUCT_NAME = "$(TARGET_NAME)";
				TEST_HOST = "$(BUILT_PRODUCTS_DIR)/Phonus.app/Phonus";
			};
			name = Debug;
		};
		7F9EB5ED1CC3256800DD8CC6 /* Release */ = {
			isa = XCBuildConfiguration;
			buildSettings = {
				BUNDLE_LOADER = "$(TEST_HOST)";
				INFOPLIST_FILE = PhonusTests/Info.plist;
				LD_RUNPATH_SEARCH_PATHS = "$(inherited) @executable_path/Frameworks @loader_path/Frameworks";
				PRODUCT_BUNDLE_IDENTIFIER = com.itesm.PhonusTests;
				PRODUCT_NAME = "$(TARGET_NAME)";
				TEST_HOST = "$(BUILT_PRODUCTS_DIR)/Phonus.app/Phonus";
			};
			name = Release;
		};
		7F9EB5EF1CC3256800DD8CC6 /* Debug */ = {
			isa = XCBuildConfiguration;
			buildSettings = {
				INFOPLIST_FILE = PhonusUITests/Info.plist;
				LD_RUNPATH_SEARCH_PATHS = "$(inherited) @executable_path/Frameworks @loader_path/Frameworks";
				PRODUCT_BUNDLE_IDENTIFIER = com.itesm.PhonusUITests;
				PRODUCT_NAME = "$(TARGET_NAME)";
				TEST_TARGET_NAME = Phonus;
			};
			name = Debug;
		};
		7F9EB5F01CC3256800DD8CC6 /* Release */ = {
			isa = XCBuildConfiguration;
			buildSettings = {
				INFOPLIST_FILE = PhonusUITests/Info.plist;
				LD_RUNPATH_SEARCH_PATHS = "$(inherited) @executable_path/Frameworks @loader_path/Frameworks";
				PRODUCT_BUNDLE_IDENTIFIER = com.itesm.PhonusUITests;
				PRODUCT_NAME = "$(TARGET_NAME)";
				TEST_TARGET_NAME = Phonus;
			};
			name = Release;
		};
/* End XCBuildConfiguration section */

/* Begin XCConfigurationList section */
		7F9EB5B81CC3256700DD8CC6 /* Build configuration list for PBXProject "Phonus" */ = {
			isa = XCConfigurationList;
			buildConfigurations = (
				7F9EB5E61CC3256800DD8CC6 /* Debug */,
				7F9EB5E71CC3256800DD8CC6 /* Release */,
			);
			defaultConfigurationIsVisible = 0;
			defaultConfigurationName = Release;
		};
		7F9EB5E81CC3256800DD8CC6 /* Build configuration list for PBXNativeTarget "Phonus" */ = {
			isa = XCConfigurationList;
			buildConfigurations = (
				7F9EB5E91CC3256800DD8CC6 /* Debug */,
				7F9EB5EA1CC3256800DD8CC6 /* Release */,
			);
			defaultConfigurationIsVisible = 0;
			defaultConfigurationName = Release;
		};
		7F9EB5EB1CC3256800DD8CC6 /* Build configuration list for PBXNativeTarget "PhonusTests" */ = {
			isa = XCConfigurationList;
			buildConfigurations = (
				7F9EB5EC1CC3256800DD8CC6 /* Debug */,
				7F9EB5ED1CC3256800DD8CC6 /* Release */,
			);
			defaultConfigurationIsVisible = 0;
			defaultConfigurationName = Release;
		};
		7F9EB5EE1CC3256800DD8CC6 /* Build configuration list for PBXNativeTarget "PhonusUITests" */ = {
			isa = XCConfigurationList;
			buildConfigurations = (
				7F9EB5EF1CC3256800DD8CC6 /* Debug */,
				7F9EB5F01CC3256800DD8CC6 /* Release */,
			);
			defaultConfigurationIsVisible = 0;
			defaultConfigurationName = Release;
		};
/* End XCConfigurationList section */

/* Begin XCVersionGroup section */
		7F9EB5C71CC3256700DD8CC6 /* Phonus.xcdatamodeld */ = {
			isa = XCVersionGroup;
			children = (
				7F9EB5C81CC3256700DD8CC6 /* Phonus.xcdatamodel */,
			);
			currentVersion = 7F9EB5C81CC3256700DD8CC6 /* Phonus.xcdatamodel */;
			path = Phonus.xcdatamodeld;
			sourceTree = "<group>";
			versionGroupType = wrapper.xcdatamodel;
		};
/* End XCVersionGroup section */
	};
	rootObject = 7F9EB5B51CC3256700DD8CC6 /* Project object */;
}
